
Microsoft Visual Studio Solution File, Format Version 12.00
# Visual Studio 15
VisualStudioVersion = 15.0.28010.2036
MinimumVisualStudioVersion = 10.0.40219.1
Project("{FAE04EC0-301F-11D3-BF4B-00C04F79EFBC}") = "tryRest", "tryRest\tryRest.csproj", "{6ECA6E6B-F418-495C-BF51-5B5A90107F33}"
EndProject
Global
	GlobalSection(SolutionConfigurationPlatforms) = preSolution
		Debug|Any CPU = Debug|Any CPU
		Release|Any CPU = Release|Any CPU
	EndGlobalSection
	GlobalSection(ProjectConfigurationPlatforms) = postSolution
		{6ECA6E6B-F418-495C-BF51-5B5A90107F33}.Debug|Any CPU.ActiveCfg = Debug|Any CPU
		{6ECA6E6B-F418-495C-BF51-5B5A90107F33}.Debug|Any CPU.Build.0 = Debug|Any CPU
		{6ECA6E6B-F418-495C-BF51-5B5A90107F33}.Release|Any CPU.ActiveCfg = Release|Any CPU
		{6ECA6E6B-F418-495C-BF51-5B5A90107F33}.Release|Any CPU.Build.0 = Release|Any CPU
	EndGlobalSection
	GlobalSection(SolutionProperties) = preSolution
		HideSolutionNode = FALSE
	EndGlobalSection
	GlobalSection(ExtensibilityGlobals) = postSolution
		SolutionGuid = {11932883-EFA8-489C-AA09-3B2538FFB36C}
	EndGlobalSection
EndGlobal
